
Microsoft Visual Studio Solution File, Format Version 12.00
# Visual Studio 15
VisualStudioVersion = 15.0.26228.9
MinimumVisualStudioVersion = 10.0.40219.1
Project("{FAE04EC0-301F-11D3-BF4B-00C04F79EFBC}") = "0.01_Intro", "0.01_Intro\0.01_Intro.csproj", "{BE5C2E78-E407-400A-A30C-126D21D6BE0C}"
EndProject
Project("{FAE04EC0-301F-11D3-BF4B-00C04F79EFBC}") = "0.02_BasicTypes", "0.02_BasicTypes\0.02_BasicTypes.csproj", "{13456BC6-56F1-4690-B689-0526C5F56ABC}"
EndProject
Project("{FAE04EC0-301F-11D3-BF4B-00C04F79EFBC}") = "0.02_BasicTypes_Challenges", "0.02BasicTypes_Challenges\0.02_BasicTypes_Challenges.csproj", "{A2564E30-CAB6-4849-8E1C-E5E287D70DA5}"
EndProject
Project("{FAE04EC0-301F-11D3-BF4B-00C04F79EFBC}") = "0.03_Strings", "0.03_Strings\0.03_Strings.csproj", "{1244B94C-26EB-4E93-B7DE-CD57E4D1826F}"
EndProject
Project("{FAE04EC0-301F-11D3-BF4B-00C04F79EFBC}") = "0.04_Conditional_If", "0.04_Conditional_If\0.04_Conditional_If.csproj", "{A24A9375-ECAE-4DD6-9E11-0424F90B3BEE}"
EndProject
Project("{FAE04EC0-301F-11D3-BF4B-00C04F79EFBC}") = "0.04_Conditional_If_Else", "0.04_Conditional_If_Else\0.04_Conditional_If_Else.csproj", "{610084D1-8811-4550-B963-196FE23C5367}"
EndProject
Project("{FAE04EC0-301F-11D3-BF4B-00C04F79EFBC}") = "0.04_Conditional_Else_If", "0.04_Conditional_Else_If\0.04_Conditional_Else_If.csproj", "{DFB18544-BB1D-49CF-B916-9E5FC0F37DC2}"
EndProject
Project("{FAE04EC0-301F-11D3-BF4B-00C04F79EFBC}") = "0.04_Conditionals_ReadLine", "0.04_Conditionals_ReadLine\0.04_Conditionals_ReadLine.csproj", "{62FDA6D7-11BC-43D2-A206-C92142E78D98}"
EndProject
Project("{FAE04EC0-301F-11D3-BF4B-00C04F79EFBC}") = "0.04_Conditionals_Switch", "0.04_Conditionals_Switch\0.04_Conditionals_Switch.csproj", "{B12CF205-95AE-4CCC-B9C9-E4013E368A3D}"
EndProject
Project("{FAE04EC0-301F-11D3-BF4B-00C04F79EFBC}") = "0.04_Conditionals_Ternary", "0.04_Conditionals_Ternary\0.04_Conditionals_Ternary.csproj", "{0428F1E6-8CBF-442E-9177-C3A9D9C5DEC1}"
EndProject
Project("{FAE04EC0-301F-11D3-BF4B-00C04F79EFBC}") = "0.05_Objects", "0.05_Objects\0.05_Objects.csproj", "{C6FE63CF-C6E0-45B9-837E-46B6A83EFA55}"
EndProject
Project("{FAE04EC0-301F-11D3-BF4B-00C04F79EFBC}") = "0.05_Objects_Challenge", "0.05_Objects_Challenge\0.05_Objects_Challenge.csproj", "{C11697D4-C6F3-45C3-9A06-7063857F6BD3}"
EndProject
Project("{FAE04EC0-301F-11D3-BF4B-00C04F79EFBC}") = "0.06_Methods", "0.06_Methods\0.06_Methods.csproj", "{CD8C5D94-75D2-4FB5-8F23-FFAA380378C6}"
EndProject
Project("{FAE04EC0-301F-11D3-BF4B-00C04F79EFBC}") = "0.06_Methods_Challenge", "0.06_Methods_Challenge\0.06_Methods_Challenge.csproj", "{8FAEC8BF-3D10-4ED6-A293-AAFE48C66C6B}"
EndProject
Project("{FAE04EC0-301F-11D3-BF4B-00C04F79EFBC}") = "0.08_Methods_Overloading", "0.08_Methods_Overloading\0.08_Methods_Overloading.csproj", "{DB67B7FA-E7F1-411C-A0FC-0FCB97E29C21}"
EndProject
Project("{FAE04EC0-301F-11D3-BF4B-00C04F79EFBC}") = "0.09_Constructors", "0.09_Constructors\0.09_Constructors.csproj", "{FC4BA066-97E9-4544-8797-3AB82C493865}"
EndProject
Project("{FAE04EC0-301F-11D3-BF4B-00C04F79EFBC}") = "0.09_Constructors_Challenge", "0.09_Constructors_Challenge\0.09_Constructors_Challenge.csproj", "{DD219709-29DC-4DE4-AE24-99DE7EC0BCEB}"
EndProject
Project("{FAE04EC0-301F-11D3-BF4B-00C04F79EFBC}") = "0.10_ForLoops", "0.10_ForLoops\0.10_ForLoops.csproj", "{2E057265-3D24-4188-BAE0-8F089D15E508}"
EndProject
Project("{FAE04EC0-301F-11D3-BF4B-00C04F79EFBC}") = "0.10_For_Loop_Simple_Program", "0.10_For_Loop_Simple_Program\0.10_For_Loop_Simple_Program.csproj", "{E30B5474-5BEA-4A4E-8972-BB1063AC6F7C}"
EndProject
Project("{FAE04EC0-301F-11D3-BF4B-00C04F79EFBC}") = "0.10_For_Each_Loops", "0.10_For_Each_Loops\0.10_For_Each_Loops.csproj", "{E67F8467-1068-45A2-8666-6B83BBE752E6}"
EndProject
Project("{FAE04EC0-301F-11D3-BF4B-00C04F79EFBC}") = "0.11_Collections_ArraysOfObject", "0.11_Collections_ArraysOfObject\0.11_Collections_ArraysOfObject.csproj", "{8CE434B6-6F95-4ECF-9B59-C6DA3CF82F6A}"
EndProject
Project("{FAE04EC0-301F-11D3-BF4B-00C04F79EFBC}") = "0.11_Collections_Dictionaries", "0.11_Collections_Dictionaries\0.11_Collections_Dictionaries.csproj", "{677692FC-E8FF-48AC-862B-39C71C3D929A}"
EndProject
Project("{FAE04EC0-301F-11D3-BF4B-00C04F79EFBC}") = "0.12_Inheritance", "0.12_Inheritance\0.12_Inheritance.csproj", "{B8F48D7D-E730-4AFE-B5D9-526AA095435A}"
EndProject
Project("{FAE04EC0-301F-11D3-BF4B-00C04F79EFBC}") = "0.13_AccessModifiers", "0.12_AccessModifiers\0.13_AccessModifiers.csproj", "{0AF426B8-0939-438C-A5D1-99AE7385D149}"
EndProject
Project("{FAE04EC0-301F-11D3-BF4B-00C04F79EFBC}") = "0.14_Getters_and_Setters", "0.13_Getters_and_Setters\0.14_Getters_and_Setters.csproj", "{039A80CC-5D84-4A0E-8855-AB5754EC76FE}"
EndProject
Project("{FAE04EC0-301F-11D3-BF4B-00C04F79EFBC}") = "0.15_Adventure_Game", "0.15_Adventure_Game\0.15_Adventure_Game.csproj", "{D2E6DC76-33A8-4E3A-85F2-8C0335A1BB5A}"
EndProject
Project("{FAE04EC0-301F-11D3-BF4B-00C04F79EFBC}") = "0.15_Bonus_SpeechSynthesizer", "0.015_Bonus_SpeechSynthesizer\0.15_Bonus_SpeechSynthesizer.csproj", "{5A4B30DB-508C-4BDC-B663-B11AB72F4E7C}"
EndProject
Project("{FAE04EC0-301F-11D3-BF4B-00C04F79EFBC}") = "0.16_New_Console_Game", "0.16_New_Console_Game\0.16_New_Console_Game.csproj", "{2C263D7B-3565-49A5-92F5-06B1FC4BD3B4}"
EndProject
Project("{FAE04EC0-301F-11D3-BF4B-00C04F79EFBC}") = "0.17_Structs", "0.17_Structs\0.17_Structs.csproj", "{652D0606-4FC1-496D-A24A-C2DAF12F1BEA}"
EndProject
Project("{FAE04EC0-301F-11D3-BF4B-00C04F79EFBC}") = "0.18_Lists", "0.18_Lists\0.18_Lists.csproj", "{9A24E772-156E-4D0D-8FEA-D18B57AB023E}"
EndProject
Project("{FAE04EC0-301F-11D3-BF4B-00C04F79EFBC}") = "0.19_Linq", "0.19_Linq\0.19_Linq.csproj", "{6D2228D9-4E98-442E-9C86-F717A7738257}"
EndProject
Project("{FAE04EC0-301F-11D3-BF4B-00C04F79EFBC}") = "Brain_Talk", "Brain_Talk\Brain_Talk.csproj", "{29CB4E35-7E82-4D13-93B1-24204957D1E9}"
EndProject
Project("{FAE04EC0-301F-11D3-BF4B-00C04F79EFBC}") = "0.09_Constructors_Base", "0.09_Constructors_Base\0.09_Constructors_Base.csproj", "{012D6C42-2B08-4DFC-971A-D92622A9CAE6}"
EndProject
Project("{FAE04EC0-301F-11D3-BF4B-00C04F79EFBC}") = "Repl_Challenge_4-4-17", "Repl_Challenge_4-4-17\Repl_Challenge_4-4-17.csproj", "{27985415-EBC2-4C39-99B8-CABE7F6AE174}"
EndProject
Global
	GlobalSection(SolutionConfigurationPlatforms) = preSolution
		Debug|Any CPU = Debug|Any CPU
		Release|Any CPU = Release|Any CPU
	EndGlobalSection
	GlobalSection(ProjectConfigurationPlatforms) = postSolution
		{BE5C2E78-E407-400A-A30C-126D21D6BE0C}.Debug|Any CPU.ActiveCfg = Debug|Any CPU
		{BE5C2E78-E407-400A-A30C-126D21D6BE0C}.Debug|Any CPU.Build.0 = Debug|Any CPU
		{BE5C2E78-E407-400A-A30C-126D21D6BE0C}.Release|Any CPU.ActiveCfg = Release|Any CPU
		{BE5C2E78-E407-400A-A30C-126D21D6BE0C}.Release|Any CPU.Build.0 = Release|Any CPU
		{13456BC6-56F1-4690-B689-0526C5F56ABC}.Debug|Any CPU.ActiveCfg = Debug|Any CPU
		{13456BC6-56F1-4690-B689-0526C5F56ABC}.Debug|Any CPU.Build.0 = Debug|Any CPU
		{13456BC6-56F1-4690-B689-0526C5F56ABC}.Release|Any CPU.ActiveCfg = Release|Any CPU
		{13456BC6-56F1-4690-B689-0526C5F56ABC}.Release|Any CPU.Build.0 = Release|Any CPU
		{A2564E30-CAB6-4849-8E1C-E5E287D70DA5}.Debug|Any CPU.ActiveCfg = Debug|Any CPU
		{A2564E30-CAB6-4849-8E1C-E5E287D70DA5}.Debug|Any CPU.Build.0 = Debug|Any CPU
		{A2564E30-CAB6-4849-8E1C-E5E287D70DA5}.Release|Any CPU.ActiveCfg = Release|Any CPU
		{A2564E30-CAB6-4849-8E1C-E5E287D70DA5}.Release|Any CPU.Build.0 = Release|Any CPU
		{1244B94C-26EB-4E93-B7DE-CD57E4D1826F}.Debug|Any CPU.ActiveCfg = Debug|Any CPU
		{1244B94C-26EB-4E93-B7DE-CD57E4D1826F}.Debug|Any CPU.Build.0 = Debug|Any CPU
		{1244B94C-26EB-4E93-B7DE-CD57E4D1826F}.Release|Any CPU.ActiveCfg = Release|Any CPU
		{1244B94C-26EB-4E93-B7DE-CD57E4D1826F}.Release|Any CPU.Build.0 = Release|Any CPU
		{A24A9375-ECAE-4DD6-9E11-0424F90B3BEE}.Debug|Any CPU.ActiveCfg = Debug|Any CPU
		{A24A9375-ECAE-4DD6-9E11-0424F90B3BEE}.Debug|Any CPU.Build.0 = Debug|Any CPU
		{A24A9375-ECAE-4DD6-9E11-0424F90B3BEE}.Release|Any CPU.ActiveCfg = Release|Any CPU
		{A24A9375-ECAE-4DD6-9E11-0424F90B3BEE}.Release|Any CPU.Build.0 = Release|Any CPU
		{610084D1-8811-4550-B963-196FE23C5367}.Debug|Any CPU.ActiveCfg = Debug|Any CPU
		{610084D1-8811-4550-B963-196FE23C5367}.Debug|Any CPU.Build.0 = Debug|Any CPU
		{610084D1-8811-4550-B963-196FE23C5367}.Release|Any CPU.ActiveCfg = Release|Any CPU
		{610084D1-8811-4550-B963-196FE23C5367}.Release|Any CPU.Build.0 = Release|Any CPU
		{DFB18544-BB1D-49CF-B916-9E5FC0F37DC2}.Debug|Any CPU.ActiveCfg = Debug|Any CPU
		{DFB18544-BB1D-49CF-B916-9E5FC0F37DC2}.Debug|Any CPU.Build.0 = Debug|Any CPU
		{DFB18544-BB1D-49CF-B916-9E5FC0F37DC2}.Release|Any CPU.ActiveCfg = Release|Any CPU
		{DFB18544-BB1D-49CF-B916-9E5FC0F37DC2}.Release|Any CPU.Build.0 = Release|Any CPU
		{62FDA6D7-11BC-43D2-A206-C92142E78D98}.Debug|Any CPU.ActiveCfg = Debug|Any CPU
		{62FDA6D7-11BC-43D2-A206-C92142E78D98}.Debug|Any CPU.Build.0 = Debug|Any CPU
		{62FDA6D7-11BC-43D2-A206-C92142E78D98}.Release|Any CPU.ActiveCfg = Release|Any CPU
		{62FDA6D7-11BC-43D2-A206-C92142E78D98}.Release|Any CPU.Build.0 = Release|Any CPU
		{B12CF205-95AE-4CCC-B9C9-E4013E368A3D}.Debug|Any CPU.ActiveCfg = Debug|Any CPU
		{B12CF205-95AE-4CCC-B9C9-E4013E368A3D}.Debug|Any CPU.Build.0 = Debug|Any CPU
		{B12CF205-95AE-4CCC-B9C9-E4013E368A3D}.Release|Any CPU.ActiveCfg = Release|Any CPU
		{B12CF205-95AE-4CCC-B9C9-E4013E368A3D}.Release|Any CPU.Build.0 = Release|Any CPU
		{0428F1E6-8CBF-442E-9177-C3A9D9C5DEC1}.Debug|Any CPU.ActiveCfg = Debug|Any CPU
		{0428F1E6-8CBF-442E-9177-C3A9D9C5DEC1}.Debug|Any CPU.Build.0 = Debug|Any CPU
		{0428F1E6-8CBF-442E-9177-C3A9D9C5DEC1}.Release|Any CPU.ActiveCfg = Release|Any CPU
		{0428F1E6-8CBF-442E-9177-C3A9D9C5DEC1}.Release|Any CPU.Build.0 = Release|Any CPU
		{C6FE63CF-C6E0-45B9-837E-46B6A83EFA55}.Debug|Any CPU.ActiveCfg = Debug|Any CPU
		{C6FE63CF-C6E0-45B9-837E-46B6A83EFA55}.Debug|Any CPU.Build.0 = Debug|Any CPU
		{C6FE63CF-C6E0-45B9-837E-46B6A83EFA55}.Release|Any CPU.ActiveCfg = Release|Any CPU
		{C6FE63CF-C6E0-45B9-837E-46B6A83EFA55}.Release|Any CPU.Build.0 = Release|Any CPU
		{C11697D4-C6F3-45C3-9A06-7063857F6BD3}.Debug|Any CPU.ActiveCfg = Debug|Any CPU
		{C11697D4-C6F3-45C3-9A06-7063857F6BD3}.Debug|Any CPU.Build.0 = Debug|Any CPU
		{C11697D4-C6F3-45C3-9A06-7063857F6BD3}.Release|Any CPU.ActiveCfg = Release|Any CPU
		{C11697D4-C6F3-45C3-9A06-7063857F6BD3}.Release|Any CPU.Build.0 = Release|Any CPU
		{CD8C5D94-75D2-4FB5-8F23-FFAA380378C6}.Debug|Any CPU.ActiveCfg = Debug|Any CPU
		{CD8C5D94-75D2-4FB5-8F23-FFAA380378C6}.Debug|Any CPU.Build.0 = Debug|Any CPU
		{CD8C5D94-75D2-4FB5-8F23-FFAA380378C6}.Release|Any CPU.ActiveCfg = Release|Any CPU
		{CD8C5D94-75D2-4FB5-8F23-FFAA380378C6}.Release|Any CPU.Build.0 = Release|Any CPU
		{8FAEC8BF-3D10-4ED6-A293-AAFE48C66C6B}.Debug|Any CPU.ActiveCfg = Debug|Any CPU
		{8FAEC8BF-3D10-4ED6-A293-AAFE48C66C6B}.Debug|Any CPU.Build.0 = Debug|Any CPU
		{8FAEC8BF-3D10-4ED6-A293-AAFE48C66C6B}.Release|Any CPU.ActiveCfg = Release|Any CPU
		{8FAEC8BF-3D10-4ED6-A293-AAFE48C66C6B}.Release|Any CPU.Build.0 = Release|Any CPU
		{DB67B7FA-E7F1-411C-A0FC-0FCB97E29C21}.Debug|Any CPU.ActiveCfg = Debug|Any CPU
		{DB67B7FA-E7F1-411C-A0FC-0FCB97E29C21}.Debug|Any CPU.Build.0 = Debug|Any CPU
		{DB67B7FA-E7F1-411C-A0FC-0FCB97E29C21}.Release|Any CPU.ActiveCfg = Release|Any CPU
		{DB67B7FA-E7F1-411C-A0FC-0FCB97E29C21}.Release|Any CPU.Build.0 = Release|Any CPU
		{FC4BA066-97E9-4544-8797-3AB82C493865}.Debug|Any CPU.ActiveCfg = Debug|Any CPU
		{FC4BA066-97E9-4544-8797-3AB82C493865}.Debug|Any CPU.Build.0 = Debug|Any CPU
		{FC4BA066-97E9-4544-8797-3AB82C493865}.Release|Any CPU.ActiveCfg = Release|Any CPU
		{FC4BA066-97E9-4544-8797-3AB82C493865}.Release|Any CPU.Build.0 = Release|Any CPU
		{DD219709-29DC-4DE4-AE24-99DE7EC0BCEB}.Debug|Any CPU.ActiveCfg = Debug|Any CPU
		{DD219709-29DC-4DE4-AE24-99DE7EC0BCEB}.Debug|Any CPU.Build.0 = Debug|Any CPU
		{DD219709-29DC-4DE4-AE24-99DE7EC0BCEB}.Release|Any CPU.ActiveCfg = Release|Any CPU
		{DD219709-29DC-4DE4-AE24-99DE7EC0BCEB}.Release|Any CPU.Build.0 = Release|Any CPU
		{2E057265-3D24-4188-BAE0-8F089D15E508}.Debug|Any CPU.ActiveCfg = Debug|Any CPU
		{2E057265-3D24-4188-BAE0-8F089D15E508}.Debug|Any CPU.Build.0 = Debug|Any CPU
		{2E057265-3D24-4188-BAE0-8F089D15E508}.Release|Any CPU.ActiveCfg = Release|Any CPU
		{2E057265-3D24-4188-BAE0-8F089D15E508}.Release|Any CPU.Build.0 = Release|Any CPU
		{E30B5474-5BEA-4A4E-8972-BB1063AC6F7C}.Debug|Any CPU.ActiveCfg = Debug|Any CPU
		{E30B5474-5BEA-4A4E-8972-BB1063AC6F7C}.Debug|Any CPU.Build.0 = Debug|Any CPU
		{E30B5474-5BEA-4A4E-8972-BB1063AC6F7C}.Release|Any CPU.ActiveCfg = Release|Any CPU
		{E30B5474-5BEA-4A4E-8972-BB1063AC6F7C}.Release|Any CPU.Build.0 = Release|Any CPU
		{E67F8467-1068-45A2-8666-6B83BBE752E6}.Debug|Any CPU.ActiveCfg = Debug|Any CPU
		{E67F8467-1068-45A2-8666-6B83BBE752E6}.Debug|Any CPU.Build.0 = Debug|Any CPU
		{E67F8467-1068-45A2-8666-6B83BBE752E6}.Release|Any CPU.ActiveCfg = Release|Any CPU
		{E67F8467-1068-45A2-8666-6B83BBE752E6}.Release|Any CPU.Build.0 = Release|Any CPU
		{8CE434B6-6F95-4ECF-9B59-C6DA3CF82F6A}.Debug|Any CPU.ActiveCfg = Debug|Any CPU
		{8CE434B6-6F95-4ECF-9B59-C6DA3CF82F6A}.Debug|Any CPU.Build.0 = Debug|Any CPU
		{8CE434B6-6F95-4ECF-9B59-C6DA3CF82F6A}.Release|Any CPU.ActiveCfg = Release|Any CPU
		{8CE434B6-6F95-4ECF-9B59-C6DA3CF82F6A}.Release|Any CPU.Build.0 = Release|Any CPU
		{677692FC-E8FF-48AC-862B-39C71C3D929A}.Debug|Any CPU.ActiveCfg = Debug|Any CPU
		{677692FC-E8FF-48AC-862B-39C71C3D929A}.Debug|Any CPU.Build.0 = Debug|Any CPU
		{677692FC-E8FF-48AC-862B-39C71C3D929A}.Release|Any CPU.ActiveCfg = Release|Any CPU
		{677692FC-E8FF-48AC-862B-39C71C3D929A}.Release|Any CPU.Build.0 = Release|Any CPU
		{B8F48D7D-E730-4AFE-B5D9-526AA095435A}.Debug|Any CPU.ActiveCfg = Debug|Any CPU
		{B8F48D7D-E730-4AFE-B5D9-526AA095435A}.Debug|Any CPU.Build.0 = Debug|Any CPU
		{B8F48D7D-E730-4AFE-B5D9-526AA095435A}.Release|Any CPU.ActiveCfg = Release|Any CPU
		{B8F48D7D-E730-4AFE-B5D9-526AA095435A}.Release|Any CPU.Build.0 = Release|Any CPU
		{0AF426B8-0939-438C-A5D1-99AE7385D149}.Debug|Any CPU.ActiveCfg = Debug|Any CPU
		{0AF426B8-0939-438C-A5D1-99AE7385D149}.Debug|Any CPU.Build.0 = Debug|Any CPU
		{0AF426B8-0939-438C-A5D1-99AE7385D149}.Release|Any CPU.ActiveCfg = Release|Any CPU
		{0AF426B8-0939-438C-A5D1-99AE7385D149}.Release|Any CPU.Build.0 = Release|Any CPU
		{039A80CC-5D84-4A0E-8855-AB5754EC76FE}.Debug|Any CPU.ActiveCfg = Debug|Any CPU
		{039A80CC-5D84-4A0E-8855-AB5754EC76FE}.Debug|Any CPU.Build.0 = Debug|Any CPU
		{039A80CC-5D84-4A0E-8855-AB5754EC76FE}.Release|Any CPU.ActiveCfg = Release|Any CPU
		{039A80CC-5D84-4A0E-8855-AB5754EC76FE}.Release|Any CPU.Build.0 = Release|Any CPU
		{D2E6DC76-33A8-4E3A-85F2-8C0335A1BB5A}.Debug|Any CPU.ActiveCfg = Debug|Any CPU
		{D2E6DC76-33A8-4E3A-85F2-8C0335A1BB5A}.Debug|Any CPU.Build.0 = Debug|Any CPU
		{D2E6DC76-33A8-4E3A-85F2-8C0335A1BB5A}.Release|Any CPU.ActiveCfg = Release|Any CPU
		{D2E6DC76-33A8-4E3A-85F2-8C0335A1BB5A}.Release|Any CPU.Build.0 = Release|Any CPU
		{5A4B30DB-508C-4BDC-B663-B11AB72F4E7C}.Debug|Any CPU.ActiveCfg = Debug|Any CPU
		{5A4B30DB-508C-4BDC-B663-B11AB72F4E7C}.Debug|Any CPU.Build.0 = Debug|Any CPU
		{5A4B30DB-508C-4BDC-B663-B11AB72F4E7C}.Release|Any CPU.ActiveCfg = Release|Any CPU
		{5A4B30DB-508C-4BDC-B663-B11AB72F4E7C}.Release|Any CPU.Build.0 = Release|Any CPU
		{2C263D7B-3565-49A5-92F5-06B1FC4BD3B4}.Debug|Any CPU.ActiveCfg = Debug|Any CPU
		{2C263D7B-3565-49A5-92F5-06B1FC4BD3B4}.Debug|Any CPU.Build.0 = Debug|Any CPU
		{2C263D7B-3565-49A5-92F5-06B1FC4BD3B4}.Release|Any CPU.ActiveCfg = Release|Any CPU
		{2C263D7B-3565-49A5-92F5-06B1FC4BD3B4}.Release|Any CPU.Build.0 = Release|Any CPU
		{652D0606-4FC1-496D-A24A-C2DAF12F1BEA}.Debug|Any CPU.ActiveCfg = Debug|Any CPU
		{652D0606-4FC1-496D-A24A-C2DAF12F1BEA}.Debug|Any CPU.Build.0 = Debug|Any CPU
		{652D0606-4FC1-496D-A24A-C2DAF12F1BEA}.Release|Any CPU.ActiveCfg = Release|Any CPU
		{652D0606-4FC1-496D-A24A-C2DAF12F1BEA}.Release|Any CPU.Build.0 = Release|Any CPU
		{9A24E772-156E-4D0D-8FEA-D18B57AB023E}.Debug|Any CPU.ActiveCfg = Debug|Any CPU
		{9A24E772-156E-4D0D-8FEA-D18B57AB023E}.Debug|Any CPU.Build.0 = Debug|Any CPU
		{9A24E772-156E-4D0D-8FEA-D18B57AB023E}.Release|Any CPU.ActiveCfg = Release|Any CPU
		{9A24E772-156E-4D0D-8FEA-D18B57AB023E}.Release|Any CPU.Build.0 = Release|Any CPU
		{6D2228D9-4E98-442E-9C86-F717A7738257}.Debug|Any CPU.ActiveCfg = Debug|Any CPU
		{6D2228D9-4E98-442E-9C86-F717A7738257}.Debug|Any CPU.Build.0 = Debug|Any CPU
		{6D2228D9-4E98-442E-9C86-F717A7738257}.Release|Any CPU.ActiveCfg = Release|Any CPU
		{6D2228D9-4E98-442E-9C86-F717A7738257}.Release|Any CPU.Build.0 = Release|Any CPU
		{29CB4E35-7E82-4D13-93B1-24204957D1E9}.Debug|Any CPU.ActiveCfg = Debug|Any CPU
		{29CB4E35-7E82-4D13-93B1-24204957D1E9}.Debug|Any CPU.Build.0 = Debug|Any CPU
		{29CB4E35-7E82-4D13-93B1-24204957D1E9}.Release|Any CPU.ActiveCfg = Release|Any CPU
		{29CB4E35-7E82-4D13-93B1-24204957D1E9}.Release|Any CPU.Build.0 = Release|Any CPU
		{012D6C42-2B08-4DFC-971A-D92622A9CAE6}.Debug|Any CPU.ActiveCfg = Debug|Any CPU
		{012D6C42-2B08-4DFC-971A-D92622A9CAE6}.Debug|Any CPU.Build.0 = Debug|Any CPU
		{012D6C42-2B08-4DFC-971A-D92622A9CAE6}.Release|Any CPU.ActiveCfg = Release|Any CPU
		{012D6C42-2B08-4DFC-971A-D92622A9CAE6}.Release|Any CPU.Build.0 = Release|Any CPU
		{27985415-EBC2-4C39-99B8-CABE7F6AE174}.Debug|Any CPU.ActiveCfg = Debug|Any CPU
		{27985415-EBC2-4C39-99B8-CABE7F6AE174}.Debug|Any CPU.Build.0 = Debug|Any CPU
		{27985415-EBC2-4C39-99B8-CABE7F6AE174}.Release|Any CPU.ActiveCfg = Release|Any CPU
		{27985415-EBC2-4C39-99B8-CABE7F6AE174}.Release|Any CPU.Build.0 = Release|Any CPU
	EndGlobalSection
	GlobalSection(SolutionProperties) = preSolution
		HideSolutionNode = FALSE
	EndGlobalSection
EndGlobal
